
Microsoft Visual Studio Solution File, Format Version 12.00
# Visual Studio Version 17
VisualStudioVersion = 17.13.35825.156
MinimumVisualStudioVersion = 10.0.40219.1
Project("{FAE04EC0-301F-11D3-BF4B-00C04F79EFBC}") = "WebAPI", "WebAPI\WebAPI.csproj", "{5F4EDC52-0B72-4ACC-84BC-25E6AD5F8065}"
EndProject
Project("{FAE04EC0-301F-11D3-BF4B-00C04F79EFBC}") = "Ecommerce.core", "Ecommerce.core\Ecommerce.core.csproj", "{D22F1331-715E-42DC-93D3-82C82D71C15E}"
EndProject
Project("{FAE04EC0-301F-11D3-BF4B-00C04F79EFBC}") = "WebApp", "WebApp\WebApp.csproj", "{66A205C7-3888-4E69-9F67-1EC5E56FDCAC}"
EndProject
Global
	GlobalSection(SolutionConfigurationPlatforms) = preSolution
		Debug|Any CPU = Debug|Any CPU
		Release|Any CPU = Release|Any CPU
	EndGlobalSection
	GlobalSection(ProjectConfigurationPlatforms) = postSolution
		{5F4EDC52-0B72-4ACC-84BC-25E6AD5F8065}.Debug|Any CPU.ActiveCfg = Debug|Any CPU
		{5F4EDC52-0B72-4ACC-84BC-25E6AD5F8065}.Debug|Any CPU.Build.0 = Debug|Any CPU
		{5F4EDC52-0B72-4ACC-84BC-25E6AD5F8065}.Release|Any CPU.ActiveCfg = Release|Any CPU
		{5F4EDC52-0B72-4ACC-84BC-25E6AD5F8065}.Release|Any CPU.Build.0 = Release|Any CPU
		{D22F1331-715E-42DC-93D3-82C82D71C15E}.Debug|Any CPU.ActiveCfg = Debug|Any CPU
		{D22F1331-715E-42DC-93D3-82C82D71C15E}.Debug|Any CPU.Build.0 = Debug|Any CPU
		{D22F1331-715E-42DC-93D3-82C82D71C15E}.Release|Any CPU.ActiveCfg = Release|Any CPU
		{D22F1331-715E-42DC-93D3-82C82D71C15E}.Release|Any CPU.Build.0 = Release|Any CPU
		{66A205C7-3888-4E69-9F67-1EC5E56FDCAC}.Debug|Any CPU.ActiveCfg = Debug|Any CPU
		{66A205C7-3888-4E69-9F67-1EC5E56FDCAC}.Debug|Any CPU.Build.0 = Debug|Any CPU
		{66A205C7-3888-4E69-9F67-1EC5E56FDCAC}.Release|Any CPU.ActiveCfg = Release|Any CPU
		{66A205C7-3888-4E69-9F67-1EC5E56FDCAC}.Release|Any CPU.Build.0 = Release|Any CPU
	EndGlobalSection
	GlobalSection(SolutionProperties) = preSolution
		HideSolutionNode = FALSE
	EndGlobalSection
	GlobalSection(ExtensibilityGlobals) = postSolution
		SolutionGuid = {8BB0F7C1-B1D9-4590-9C6C-2FEC2E9D2AF3}
	EndGlobalSection
EndGlobal
